
Microsoft Visual Studio Solution File, Format Version 12.00
# Visual Studio 15
VisualStudioVersion = 15.0.28307.1082
MinimumVisualStudioVersion = 10.0.40219.1
Project("{8BC9CEB8-8B4A-11D0-8D11-00A0C91BC942}") = "MendrelBrot", "MendrelBrot\MendrelBrot.vcxproj", "{8A1D56B1-CA29-4239-A23E-4E9C5F6F28C1}"
EndProject
Project("{2150E333-8FDC-42A3-9474-1A3956D46DE8}") = "Solution Items", "Solution Items", "{5B1EE1FA-41AB-4641-B4E5-614E7C73BA59}"
	ProjectSection(SolutionItems) = preProject
		Performance1.psess = Performance1.psess
	EndProjectSection
EndProject
Global
	GlobalSection(Performance) = preSolution
		HasPerformanceSessions = true
	EndGlobalSection
	GlobalSection(SolutionConfigurationPlatforms) = preSolution
		Debug|x64 = Debug|x64
		Debug|x86 = Debug|x86
		Release|x64 = Release|x64
		Release|x86 = Release|x86
	EndGlobalSection
	GlobalSection(ProjectConfigurationPlatforms) = postSolution
		{8A1D56B1-CA29-4239-A23E-4E9C5F6F28C1}.Debug|x64.ActiveCfg = Debug|x64
		{8A1D56B1-CA29-4239-A23E-4E9C5F6F28C1}.Debug|x64.Build.0 = Debug|x64
		{8A1D56B1-CA29-4239-A23E-4E9C5F6F28C1}.Debug|x86.ActiveCfg = Debug|Win32
		{8A1D56B1-CA29-4239-A23E-4E9C5F6F28C1}.Debug|x86.Build.0 = Debug|Win32
		{8A1D56B1-CA29-4239-A23E-4E9C5F6F28C1}.Release|x64.ActiveCfg = Release|x64
		{8A1D56B1-CA29-4239-A23E-4E9C5F6F28C1}.Release|x64.Build.0 = Release|x64
		{8A1D56B1-CA29-4239-A23E-4E9C5F6F28C1}.Release|x86.ActiveCfg = Release|Win32
		{8A1D56B1-CA29-4239-A23E-4E9C5F6F28C1}.Release|x86.Build.0 = Release|Win32
	EndGlobalSection
	GlobalSection(SolutionProperties) = preSolution
		HideSolutionNode = FALSE
	EndGlobalSection
	GlobalSection(ExtensibilityGlobals) = postSolution
		SolutionGuid = {19083C55-037F-4795-9701-2064681199FE}
	EndGlobalSection
	GlobalSection(Performance) = preSolution
		HasPerformanceSessions = true
	EndGlobalSection
EndGlobal
